
Microsoft Visual Studio Solution File, Format Version 12.00
# Visual Studio Version 16
VisualStudioVersion = 16.0.31729.503
MinimumVisualStudioVersion = 10.0.40219.1
Project("{FAE04EC0-301F-11D3-BF4B-00C04F79EFBC}") = "DecoratorPattern", "DecoratorPattern\DecoratorPattern.csproj", "{A559791D-BC50-474B-828E-3BC9A5CF8C77}"
EndProject
Global
	GlobalSection(SolutionConfigurationPlatforms) = preSolution
		Debug|Any CPU = Debug|Any CPU
		Release|Any CPU = Release|Any CPU
	EndGlobalSection
	GlobalSection(ProjectConfigurationPlatforms) = postSolution
		{A559791D-BC50-474B-828E-3BC9A5CF8C77}.Debug|Any CPU.ActiveCfg = Debug|Any CPU
		{A559791D-BC50-474B-828E-3BC9A5CF8C77}.Debug|Any CPU.Build.0 = Debug|Any CPU
		{A559791D-BC50-474B-828E-3BC9A5CF8C77}.Release|Any CPU.ActiveCfg = Release|Any CPU
		{A559791D-BC50-474B-828E-3BC9A5CF8C77}.Release|Any CPU.Build.0 = Release|Any CPU
	EndGlobalSection
	GlobalSection(SolutionProperties) = preSolution
		HideSolutionNode = FALSE
	EndGlobalSection
	GlobalSection(ExtensibilityGlobals) = postSolution
		SolutionGuid = {E078A8F2-13BE-4542-8594-7773E533752C}
	EndGlobalSection
EndGlobal
